
Microsoft Visual Studio Solution File, Format Version 12.00
Project("{F2A71F9B-5D33-465A-A702-920D77279786}") = "Shopfoo.Client", "src\Shopfoo.Client\Shopfoo.Client.fsproj", "{7C716DBC-68B5-462F-9E3D-F9D2D30E480F}"
EndProject
Project("{F2A71F9B-5D33-465A-A702-920D77279786}") = "Shopfoo.Server", "src\Shopfoo.Server\Shopfoo.Server.fsproj", "{1C122FE9-9252-4E8D-9EDD-2838BF0439DE}"
EndProject
Project("{F2A71F9B-5D33-465A-A702-920D77279786}") = "Shopfoo.Shared", "src\Shopfoo.Shared\Shopfoo.Shared.fsproj", "{E264AE7C-45A3-4C82-A82E-724A32AFC859}"
EndProject
Project("{2150E333-8FDC-42A3-9474-1A3956D46DE8}") = "build", "build", "{9B3F13D5-FBC9-4FDE-ADEA-9F68EBBA89BC}"
	ProjectSection(SolutionItems) = preProject
		.editorconfig = .editorconfig
		global.json = global.json
		paket.dependencies = paket.dependencies
		paket.lock = paket.lock
		vite.config.js = vite.config.js
		README.md = README.md
		.config\dotnet-tools.json = .config\dotnet-tools.json
		package.json = package.json
	EndProjectSection
EndProject
Project("{F2A71F9B-5D33-465A-A702-920D77279786}") = "Build", "Build.fsproj", "{99315B2D-96A5-48E8-9285-0FEAE277AE4E}"
EndProject
Project("{2150E333-8FDC-42A3-9474-1A3956D46DE8}") = "src", "src", "{3B92B074-165C-40AB-A588-C7933193DDE7}"
EndProject
Project("{2150E333-8FDC-42A3-9474-1A3956D46DE8}") = "Core", "Core", "{8962939F-E5C4-4CE5-914E-B7B1E9FFEC6B}"
EndProject
Project("{2150E333-8FDC-42A3-9474-1A3956D46DE8}") = "UI", "UI", "{42DEC35F-49F2-4EB7-B7CA-6647D95AAF97}"
EndProject
Project("{F2A71F9B-5D33-465A-A702-920D77279786}") = "Shopfoo.Domain.Types", "src\Shopfoo.Domain.Types\Shopfoo.Domain.Types.fsproj", "{7FB14A7B-C3FD-4598-A3AD-91DC8FEA75D2}"
EndProject
Project("{F2A71F9B-5D33-465A-A702-920D77279786}") = "Shopfoo.Common", "src\Shopfoo.Common\Shopfoo.Common.fsproj", "{F4759A4D-BC71-479E-BFAD-B71AFE5D0ADA}"
EndProject
Project("{2150E333-8FDC-42A3-9474-1A3956D46DE8}") = "Feat", "Feat", "{D6868961-CC02-4121-97AC-CACB282F1AC1}"
EndProject
Project("{F2A71F9B-5D33-465A-A702-920D77279786}") = "Shopfoo.Product", "src\Shopfoo.Product\Shopfoo.Product.fsproj", "{47CA82A7-D814-44AA-94BD-28776091B3C9}"
EndProject
Project("{F2A71F9B-5D33-465A-A702-920D77279786}") = "Shopfoo.Home", "src\Shopfoo.Home\Shopfoo.Home.fsproj", "{86B809E9-6D43-4613-8B89-FC91BAB2373C}"
EndProject
Project("{F2A71F9B-5D33-465A-A702-920D77279786}") = "Shopfoo.Program", "src\Shopfoo.Program\Shopfoo.Program.fsproj", "{D3062E59-293F-4647-9619-556DDA33292C}"
EndProject
Project("{2150E333-8FDC-42A3-9474-1A3956D46DE8}") = "ci", "ci", "{005A6CA6-77A6-43DD-AF07-772F3415C01F}"
	ProjectSection(SolutionItems) = preProject
		.github\workflows\build.yml = .github\workflows\build.yml
		.github\workflows\README.md = .github\workflows\README.md
		.github\workflows\release.yml = .github\workflows\release.yml
		.releaserc.json = .releaserc.json
		update-release-date.js = update-release-date.js
		CHANGELOG.md = CHANGELOG.md
	EndProjectSection
EndProject
Project("{F2A71F9B-5D33-465A-A702-920D77279786}") = "Shopfoo.Data", "src\Shopfoo.Data\Shopfoo.Data.fsproj", "{527FBD20-F37E-4202-B74B-34034C0D2CFA}"
EndProject
Project("{2150E333-8FDC-42A3-9474-1A3956D46DE8}") = "tests", "tests", "{7DC8EC06-DB72-48EF-945A-27C8D65802D3}"
EndProject
Project("{F2A71F9B-5D33-465A-A702-920D77279786}") = "Shopfoo.Client.Tests", "tests\Shopfoo.Client.Tests\Shopfoo.Client.Tests.fsproj", "{04AECEBD-7E83-4688-A9BC-5D12A8C6952D}"
EndProject
Project("{F2A71F9B-5D33-465A-A702-920D77279786}") = "Shopfoo.Product.Tests", "tests\Shopfoo.Product.Tests\Shopfoo.Product.Tests.fsproj", "{B182B497-FB85-4ED8-B728-1F2CCC7C810A}"
EndProject
Project("{2150E333-8FDC-42A3-9474-1A3956D46DE8}") = "UI", "UI", "{AB136B24-8BBD-4AF4-B381-06F4B1DB9B32}"
EndProject
Project("{2150E333-8FDC-42A3-9474-1A3956D46DE8}") = "Feat", "Feat", "{762A254D-3BD7-4A2B-ABA9-E3562679F7F3}"
EndProject
Project("{F2A71F9B-5D33-465A-A702-920D77279786}") = "Shopfoo.Tests.Common", "tests\Shopfoo.Tests.Common\Shopfoo.Tests.Common.fsproj", "{B4DDF973-E405-444F-8B89-B91D3A915CF8}"
EndProject
Project("{2150E333-8FDC-42A3-9474-1A3956D46DE8}") = "Common", "Common", "{E250A089-AB2C-41B6-B3E8-D5380ECAF090}"
EndProject
Project("{2150E333-8FDC-42A3-9474-1A3956D46DE8}") = "Core", "Core", "{4E26FC8E-55E4-4DC6-85CF-183794B8D03D}"
EndProject
Project("{F2A71F9B-5D33-465A-A702-920D77279786}") = "Shopfoo.Program.Tests", "tests\Shopfoo.Program.Tests\Shopfoo.Program.Tests.fsproj", "{E0189B19-D537-4CC6-96F6-B0A7C5FB8CFD}"
EndProject
Global
	GlobalSection(SolutionConfigurationPlatforms) = preSolution
		Debug|Any CPU = Debug|Any CPU
		Release|Any CPU = Release|Any CPU
	EndGlobalSection
	GlobalSection(ProjectConfigurationPlatforms) = postSolution
		{7C716DBC-68B5-462F-9E3D-F9D2D30E480F}.Debug|Any CPU.ActiveCfg = Debug|Any CPU
		{7C716DBC-68B5-462F-9E3D-F9D2D30E480F}.Debug|Any CPU.Build.0 = Debug|Any CPU
		{7C716DBC-68B5-462F-9E3D-F9D2D30E480F}.Release|Any CPU.ActiveCfg = Release|Any CPU
		{7C716DBC-68B5-462F-9E3D-F9D2D30E480F}.Release|Any CPU.Build.0 = Release|Any CPU
		{1C122FE9-9252-4E8D-9EDD-2838BF0439DE}.Debug|Any CPU.ActiveCfg = Debug|Any CPU
		{1C122FE9-9252-4E8D-9EDD-2838BF0439DE}.Debug|Any CPU.Build.0 = Debug|Any CPU
		{1C122FE9-9252-4E8D-9EDD-2838BF0439DE}.Release|Any CPU.ActiveCfg = Release|Any CPU
		{1C122FE9-9252-4E8D-9EDD-2838BF0439DE}.Release|Any CPU.Build.0 = Release|Any CPU
		{E264AE7C-45A3-4C82-A82E-724A32AFC859}.Debug|Any CPU.ActiveCfg = Debug|Any CPU
		{E264AE7C-45A3-4C82-A82E-724A32AFC859}.Debug|Any CPU.Build.0 = Debug|Any CPU
		{E264AE7C-45A3-4C82-A82E-724A32AFC859}.Release|Any CPU.ActiveCfg = Release|Any CPU
		{E264AE7C-45A3-4C82-A82E-724A32AFC859}.Release|Any CPU.Build.0 = Release|Any CPU
		{99315B2D-96A5-48E8-9285-0FEAE277AE4E}.Debug|Any CPU.ActiveCfg = Debug|Any CPU
		{99315B2D-96A5-48E8-9285-0FEAE277AE4E}.Debug|Any CPU.Build.0 = Debug|Any CPU
		{99315B2D-96A5-48E8-9285-0FEAE277AE4E}.Release|Any CPU.ActiveCfg = Release|Any CPU
		{99315B2D-96A5-48E8-9285-0FEAE277AE4E}.Release|Any CPU.Build.0 = Release|Any CPU
		{7FB14A7B-C3FD-4598-A3AD-91DC8FEA75D2}.Debug|Any CPU.ActiveCfg = Debug|Any CPU
		{7FB14A7B-C3FD-4598-A3AD-91DC8FEA75D2}.Debug|Any CPU.Build.0 = Debug|Any CPU
		{7FB14A7B-C3FD-4598-A3AD-91DC8FEA75D2}.Release|Any CPU.ActiveCfg = Release|Any CPU
		{7FB14A7B-C3FD-4598-A3AD-91DC8FEA75D2}.Release|Any CPU.Build.0 = Release|Any CPU
		{F4759A4D-BC71-479E-BFAD-B71AFE5D0ADA}.Debug|Any CPU.ActiveCfg = Debug|Any CPU
		{F4759A4D-BC71-479E-BFAD-B71AFE5D0ADA}.Debug|Any CPU.Build.0 = Debug|Any CPU
		{F4759A4D-BC71-479E-BFAD-B71AFE5D0ADA}.Release|Any CPU.ActiveCfg = Release|Any CPU
		{F4759A4D-BC71-479E-BFAD-B71AFE5D0ADA}.Release|Any CPU.Build.0 = Release|Any CPU
		{47CA82A7-D814-44AA-94BD-28776091B3C9}.Debug|Any CPU.ActiveCfg = Debug|Any CPU
		{47CA82A7-D814-44AA-94BD-28776091B3C9}.Debug|Any CPU.Build.0 = Debug|Any CPU
		{47CA82A7-D814-44AA-94BD-28776091B3C9}.Release|Any CPU.ActiveCfg = Release|Any CPU
		{47CA82A7-D814-44AA-94BD-28776091B3C9}.Release|Any CPU.Build.0 = Release|Any CPU
		{86B809E9-6D43-4613-8B89-FC91BAB2373C}.Debug|Any CPU.ActiveCfg = Debug|Any CPU
		{86B809E9-6D43-4613-8B89-FC91BAB2373C}.Debug|Any CPU.Build.0 = Debug|Any CPU
		{86B809E9-6D43-4613-8B89-FC91BAB2373C}.Release|Any CPU.ActiveCfg = Release|Any CPU
		{86B809E9-6D43-4613-8B89-FC91BAB2373C}.Release|Any CPU.Build.0 = Release|Any CPU
		{D3062E59-293F-4647-9619-556DDA33292C}.Debug|Any CPU.ActiveCfg = Debug|Any CPU
		{D3062E59-293F-4647-9619-556DDA33292C}.Debug|Any CPU.Build.0 = Debug|Any CPU
		{D3062E59-293F-4647-9619-556DDA33292C}.Release|Any CPU.ActiveCfg = Release|Any CPU
		{D3062E59-293F-4647-9619-556DDA33292C}.Release|Any CPU.Build.0 = Release|Any CPU
		{527FBD20-F37E-4202-B74B-34034C0D2CFA}.Debug|Any CPU.ActiveCfg = Debug|Any CPU
		{527FBD20-F37E-4202-B74B-34034C0D2CFA}.Debug|Any CPU.Build.0 = Debug|Any CPU
		{527FBD20-F37E-4202-B74B-34034C0D2CFA}.Release|Any CPU.ActiveCfg = Release|Any CPU
		{527FBD20-F37E-4202-B74B-34034C0D2CFA}.Release|Any CPU.Build.0 = Release|Any CPU
		{04AECEBD-7E83-4688-A9BC-5D12A8C6952D}.Debug|Any CPU.ActiveCfg = Debug|Any CPU
		{04AECEBD-7E83-4688-A9BC-5D12A8C6952D}.Debug|Any CPU.Build.0 = Debug|Any CPU
		{04AECEBD-7E83-4688-A9BC-5D12A8C6952D}.Release|Any CPU.ActiveCfg = Release|Any CPU
		{04AECEBD-7E83-4688-A9BC-5D12A8C6952D}.Release|Any CPU.Build.0 = Release|Any CPU
		{B182B497-FB85-4ED8-B728-1F2CCC7C810A}.Debug|Any CPU.ActiveCfg = Debug|Any CPU
		{B182B497-FB85-4ED8-B728-1F2CCC7C810A}.Debug|Any CPU.Build.0 = Debug|Any CPU
		{B182B497-FB85-4ED8-B728-1F2CCC7C810A}.Release|Any CPU.ActiveCfg = Release|Any CPU
		{B182B497-FB85-4ED8-B728-1F2CCC7C810A}.Release|Any CPU.Build.0 = Release|Any CPU
		{B4DDF973-E405-444F-8B89-B91D3A915CF8}.Debug|Any CPU.ActiveCfg = Debug|Any CPU
		{B4DDF973-E405-444F-8B89-B91D3A915CF8}.Debug|Any CPU.Build.0 = Debug|Any CPU
		{B4DDF973-E405-444F-8B89-B91D3A915CF8}.Release|Any CPU.ActiveCfg = Release|Any CPU
		{B4DDF973-E405-444F-8B89-B91D3A915CF8}.Release|Any CPU.Build.0 = Release|Any CPU
		{E0189B19-D537-4CC6-96F6-B0A7C5FB8CFD}.Debug|Any CPU.ActiveCfg = Debug|Any CPU
		{E0189B19-D537-4CC6-96F6-B0A7C5FB8CFD}.Debug|Any CPU.Build.0 = Debug|Any CPU
		{E0189B19-D537-4CC6-96F6-B0A7C5FB8CFD}.Release|Any CPU.ActiveCfg = Release|Any CPU
		{E0189B19-D537-4CC6-96F6-B0A7C5FB8CFD}.Release|Any CPU.Build.0 = Release|Any CPU
	EndGlobalSection
	GlobalSection(NestedProjects) = preSolution
		{99315B2D-96A5-48E8-9285-0FEAE277AE4E} = {9B3F13D5-FBC9-4FDE-ADEA-9F68EBBA89BC}
		{8962939F-E5C4-4CE5-914E-B7B1E9FFEC6B} = {3B92B074-165C-40AB-A588-C7933193DDE7}
		{42DEC35F-49F2-4EB7-B7CA-6647D95AAF97} = {3B92B074-165C-40AB-A588-C7933193DDE7}
		{7C716DBC-68B5-462F-9E3D-F9D2D30E480F} = {42DEC35F-49F2-4EB7-B7CA-6647D95AAF97}
		{1C122FE9-9252-4E8D-9EDD-2838BF0439DE} = {42DEC35F-49F2-4EB7-B7CA-6647D95AAF97}
		{E264AE7C-45A3-4C82-A82E-724A32AFC859} = {42DEC35F-49F2-4EB7-B7CA-6647D95AAF97}
		{7FB14A7B-C3FD-4598-A3AD-91DC8FEA75D2} = {8962939F-E5C4-4CE5-914E-B7B1E9FFEC6B}
		{F4759A4D-BC71-479E-BFAD-B71AFE5D0ADA} = {8962939F-E5C4-4CE5-914E-B7B1E9FFEC6B}
		{D6868961-CC02-4121-97AC-CACB282F1AC1} = {3B92B074-165C-40AB-A588-C7933193DDE7}
		{47CA82A7-D814-44AA-94BD-28776091B3C9} = {D6868961-CC02-4121-97AC-CACB282F1AC1}
		{86B809E9-6D43-4613-8B89-FC91BAB2373C} = {D6868961-CC02-4121-97AC-CACB282F1AC1}
		{D3062E59-293F-4647-9619-556DDA33292C} = {8962939F-E5C4-4CE5-914E-B7B1E9FFEC6B}
		{527FBD20-F37E-4202-B74B-34034C0D2CFA} = {8962939F-E5C4-4CE5-914E-B7B1E9FFEC6B}
		{AB136B24-8BBD-4AF4-B381-06F4B1DB9B32} = {7DC8EC06-DB72-48EF-945A-27C8D65802D3}
		{04AECEBD-7E83-4688-A9BC-5D12A8C6952D} = {AB136B24-8BBD-4AF4-B381-06F4B1DB9B32}
		{762A254D-3BD7-4A2B-ABA9-E3562679F7F3} = {7DC8EC06-DB72-48EF-945A-27C8D65802D3}
		{B182B497-FB85-4ED8-B728-1F2CCC7C810A} = {762A254D-3BD7-4A2B-ABA9-E3562679F7F3}
		{E250A089-AB2C-41B6-B3E8-D5380ECAF090} = {7DC8EC06-DB72-48EF-945A-27C8D65802D3}
		{B4DDF973-E405-444F-8B89-B91D3A915CF8} = {E250A089-AB2C-41B6-B3E8-D5380ECAF090}
		{4E26FC8E-55E4-4DC6-85CF-183794B8D03D} = {7DC8EC06-DB72-48EF-945A-27C8D65802D3}
		{E0189B19-D537-4CC6-96F6-B0A7C5FB8CFD} = {4E26FC8E-55E4-4DC6-85CF-183794B8D03D}
	EndGlobalSection
EndGlobal
